
Microsoft Visual Studio Solution File, Format Version 12.00
# Visual Studio 14
VisualStudioVersion = 14.0.23107.0
MinimumVisualStudioVersion = 10.0.40219.1
Project("{FAE04EC0-301F-11D3-BF4B-00C04F79EFBC}") = "scrollview", "scrollview\scrollview.csproj", "{4246DEF6-57D3-44E7-A916-13590B7215F4}"
EndProject
Project("{FAE04EC0-301F-11D3-BF4B-00C04F79EFBC}") = "scrollview.iOS", "iOS\scrollview.iOS.csproj", "{5B31CCBF-43A6-47BC-8CC2-5C8C9D43DE71}"
EndProject
Project("{FAE04EC0-301F-11D3-BF4B-00C04F79EFBC}") = "scrollview.Droid", "Droid\scrollview.Droid.csproj", "{E31D3BEC-43EC-47AD-9721-93E9614DC32B}"
EndProject
Project("{FAE04EC0-301F-11D3-BF4B-00C04F79EFBC}") = "scrollview.WinPhone", "scrollview.WinPhone\scrollview.WinPhone.csproj", "{AFB3DE4A-A4E3-46D8-9ACE-319BAC34948B}"
EndProject
Global
	GlobalSection(SolutionConfigurationPlatforms) = preSolution
		Debug|Any CPU = Debug|Any CPU
		Debug|ARM = Debug|ARM
		Debug|iPhone = Debug|iPhone
		Debug|iPhoneSimulator = Debug|iPhoneSimulator
		Debug|x86 = Debug|x86
		Release|Any CPU = Release|Any CPU
		Release|ARM = Release|ARM
		Release|iPhone = Release|iPhone
		Release|iPhoneSimulator = Release|iPhoneSimulator
		Release|x86 = Release|x86
	EndGlobalSection
	GlobalSection(ProjectConfigurationPlatforms) = postSolution
		{4246DEF6-57D3-44E7-A916-13590B7215F4}.Debug|Any CPU.ActiveCfg = Debug|Any CPU
		{4246DEF6-57D3-44E7-A916-13590B7215F4}.Debug|Any CPU.Build.0 = Debug|Any CPU
		{4246DEF6-57D3-44E7-A916-13590B7215F4}.Debug|ARM.ActiveCfg = Debug|Any CPU
		{4246DEF6-57D3-44E7-A916-13590B7215F4}.Debug|ARM.Build.0 = Debug|Any CPU
		{4246DEF6-57D3-44E7-A916-13590B7215F4}.Debug|iPhone.ActiveCfg = Debug|Any CPU
		{4246DEF6-57D3-44E7-A916-13590B7215F4}.Debug|iPhone.Build.0 = Debug|Any CPU
		{4246DEF6-57D3-44E7-A916-13590B7215F4}.Debug|iPhoneSimulator.ActiveCfg = Debug|Any CPU
		{4246DEF6-57D3-44E7-A916-13590B7215F4}.Debug|iPhoneSimulator.Build.0 = Debug|Any CPU
		{4246DEF6-57D3-44E7-A916-13590B7215F4}.Debug|x86.ActiveCfg = Debug|Any CPU
		{4246DEF6-57D3-44E7-A916-13590B7215F4}.Debug|x86.Build.0 = Debug|Any CPU
		{4246DEF6-57D3-44E7-A916-13590B7215F4}.Release|Any CPU.ActiveCfg = Release|Any CPU
		{4246DEF6-57D3-44E7-A916-13590B7215F4}.Release|Any CPU.Build.0 = Release|Any CPU
		{4246DEF6-57D3-44E7-A916-13590B7215F4}.Release|ARM.ActiveCfg = Release|Any CPU
		{4246DEF6-57D3-44E7-A916-13590B7215F4}.Release|ARM.Build.0 = Release|Any CPU
		{4246DEF6-57D3-44E7-A916-13590B7215F4}.Release|iPhone.ActiveCfg = Release|Any CPU
		{4246DEF6-57D3-44E7-A916-13590B7215F4}.Release|iPhone.Build.0 = Release|Any CPU
		{4246DEF6-57D3-44E7-A916-13590B7215F4}.Release|iPhoneSimulator.ActiveCfg = Release|Any CPU
		{4246DEF6-57D3-44E7-A916-13590B7215F4}.Release|iPhoneSimulator.Build.0 = Release|Any CPU
		{4246DEF6-57D3-44E7-A916-13590B7215F4}.Release|x86.ActiveCfg = Release|Any CPU
		{4246DEF6-57D3-44E7-A916-13590B7215F4}.Release|x86.Build.0 = Release|Any CPU
		{5B31CCBF-43A6-47BC-8CC2-5C8C9D43DE71}.Debug|Any CPU.ActiveCfg = Debug|iPhoneSimulator
		{5B31CCBF-43A6-47BC-8CC2-5C8C9D43DE71}.Debug|Any CPU.Build.0 = Debug|iPhoneSimulator
		{5B31CCBF-43A6-47BC-8CC2-5C8C9D43DE71}.Debug|ARM.ActiveCfg = Debug|iPhone
		{5B31CCBF-43A6-47BC-8CC2-5C8C9D43DE71}.Debug|iPhone.ActiveCfg = Debug|iPhone
		{5B31CCBF-43A6-47BC-8CC2-5C8C9D43DE71}.Debug|iPhone.Build.0 = Debug|iPhone
		{5B31CCBF-43A6-47BC-8CC2-5C8C9D43DE71}.Debug|iPhoneSimulator.ActiveCfg = Debug|iPhoneSimulator
		{5B31CCBF-43A6-47BC-8CC2-5C8C9D43DE71}.Debug|iPhoneSimulator.Build.0 = Debug|iPhoneSimulator
		{5B31CCBF-43A6-47BC-8CC2-5C8C9D43DE71}.Debug|x86.ActiveCfg = Debug|iPhone
		{5B31CCBF-43A6-47BC-8CC2-5C8C9D43DE71}.Release|Any CPU.ActiveCfg = Release|iPhone
		{5B31CCBF-43A6-47BC-8CC2-5C8C9D43DE71}.Release|Any CPU.Build.0 = Release|iPhone
		{5B31CCBF-43A6-47BC-8CC2-5C8C9D43DE71}.Release|ARM.ActiveCfg = Release|iPhoneSimulator
		{5B31CCBF-43A6-47BC-8CC2-5C8C9D43DE71}.Release|iPhone.ActiveCfg = Release|iPhone
		{5B31CCBF-43A6-47BC-8CC2-5C8C9D43DE71}.Release|iPhone.Build.0 = Release|iPhone
		{5B31CCBF-43A6-47BC-8CC2-5C8C9D43DE71}.Release|iPhoneSimulator.ActiveCfg = Release|iPhoneSimulator
		{5B31CCBF-43A6-47BC-8CC2-5C8C9D43DE71}.Release|iPhoneSimulator.Build.0 = Release|iPhoneSimulator
		{5B31CCBF-43A6-47BC-8CC2-5C8C9D43DE71}.Release|x86.ActiveCfg = Release|iPhoneSimulator
		{E31D3BEC-43EC-47AD-9721-93E9614DC32B}.Debug|Any CPU.ActiveCfg = Debug|Any CPU
		{E31D3BEC-43EC-47AD-9721-93E9614DC32B}.Debug|Any CPU.Build.0 = Debug|Any CPU
		{E31D3BEC-43EC-47AD-9721-93E9614DC32B}.Debug|ARM.ActiveCfg = Debug|Any CPU
		{E31D3BEC-43EC-47AD-9721-93E9614DC32B}.Debug|ARM.Build.0 = Debug|Any CPU
		{E31D3BEC-43EC-47AD-9721-93E9614DC32B}.Debug|ARM.Deploy.0 = Debug|Any CPU
		{E31D3BEC-43EC-47AD-9721-93E9614DC32B}.Debug|iPhone.ActiveCfg = Debug|Any CPU
		{E31D3BEC-43EC-47AD-9721-93E9614DC32B}.Debug|iPhone.Build.0 = Debug|Any CPU
		{E31D3BEC-43EC-47AD-9721-93E9614DC32B}.Debug|iPhoneSimulator.ActiveCfg = Debug|Any CPU
		{E31D3BEC-43EC-47AD-9721-93E9614DC32B}.Debug|iPhoneSimulator.Build.0 = Debug|Any CPU
		{E31D3BEC-43EC-47AD-9721-93E9614DC32B}.Debug|x86.ActiveCfg = Debug|Any CPU
		{E31D3BEC-43EC-47AD-9721-93E9614DC32B}.Debug|x86.Build.0 = Debug|Any CPU
		{E31D3BEC-43EC-47AD-9721-93E9614DC32B}.Debug|x86.Deploy.0 = Debug|Any CPU
		{E31D3BEC-43EC-47AD-9721-93E9614DC32B}.Release|Any CPU.ActiveCfg = Release|Any CPU
		{E31D3BEC-43EC-47AD-9721-93E9614DC32B}.Release|Any CPU.Build.0 = Release|Any CPU
		{E31D3BEC-43EC-47AD-9721-93E9614DC32B}.Release|ARM.ActiveCfg = Release|Any CPU
		{E31D3BEC-43EC-47AD-9721-93E9614DC32B}.Release|ARM.Build.0 = Release|Any CPU
		{E31D3BEC-43EC-47AD-9721-93E9614DC32B}.Release|ARM.Deploy.0 = Release|Any CPU
		{E31D3BEC-43EC-47AD-9721-93E9614DC32B}.Release|iPhone.ActiveCfg = Release|Any CPU
		{E31D3BEC-43EC-47AD-9721-93E9614DC32B}.Release|iPhone.Build.0 = Release|Any CPU
		{E31D3BEC-43EC-47AD-9721-93E9614DC32B}.Release|iPhoneSimulator.ActiveCfg = Release|Any CPU
		{E31D3BEC-43EC-47AD-9721-93E9614DC32B}.Release|iPhoneSimulator.Build.0 = Release|Any CPU
		{E31D3BEC-43EC-47AD-9721-93E9614DC32B}.Release|x86.ActiveCfg = Release|Any CPU
		{E31D3BEC-43EC-47AD-9721-93E9614DC32B}.Release|x86.Build.0 = Release|Any CPU
		{E31D3BEC-43EC-47AD-9721-93E9614DC32B}.Release|x86.Deploy.0 = Release|Any CPU
		{AFB3DE4A-A4E3-46D8-9ACE-319BAC34948B}.Debug|Any CPU.ActiveCfg = Debug|Any CPU
		{AFB3DE4A-A4E3-46D8-9ACE-319BAC34948B}.Debug|Any CPU.Build.0 = Debug|Any CPU
		{AFB3DE4A-A4E3-46D8-9ACE-319BAC34948B}.Debug|Any CPU.Deploy.0 = Debug|Any CPU
		{AFB3DE4A-A4E3-46D8-9ACE-319BAC34948B}.Debug|ARM.ActiveCfg = Debug|ARM
		{AFB3DE4A-A4E3-46D8-9ACE-319BAC34948B}.Debug|ARM.Build.0 = Debug|ARM
		{AFB3DE4A-A4E3-46D8-9ACE-319BAC34948B}.Debug|ARM.Deploy.0 = Debug|ARM
		{AFB3DE4A-A4E3-46D8-9ACE-319BAC34948B}.Debug|iPhone.ActiveCfg = Debug|Any CPU
		{AFB3DE4A-A4E3-46D8-9ACE-319BAC34948B}.Debug|iPhone.Build.0 = Debug|Any CPU
		{AFB3DE4A-A4E3-46D8-9ACE-319BAC34948B}.Debug|iPhone.Deploy.0 = Debug|Any CPU
		{AFB3DE4A-A4E3-46D8-9ACE-319BAC34948B}.Debug|iPhoneSimulator.ActiveCfg = Debug|Any CPU
		{AFB3DE4A-A4E3-46D8-9ACE-319BAC34948B}.Debug|iPhoneSimulator.Build.0 = Debug|Any CPU
		{AFB3DE4A-A4E3-46D8-9ACE-319BAC34948B}.Debug|iPhoneSimulator.Deploy.0 = Debug|Any CPU
		{AFB3DE4A-A4E3-46D8-9ACE-319BAC34948B}.Debug|x86.ActiveCfg = Debug|x86
		{AFB3DE4A-A4E3-46D8-9ACE-319BAC34948B}.Debug|x86.Build.0 = Debug|x86
		{AFB3DE4A-A4E3-46D8-9ACE-319BAC34948B}.Debug|x86.Deploy.0 = Debug|x86
		{AFB3DE4A-A4E3-46D8-9ACE-319BAC34948B}.Release|Any CPU.ActiveCfg = Release|Any CPU
		{AFB3DE4A-A4E3-46D8-9ACE-319BAC34948B}.Release|Any CPU.Build.0 = Release|Any CPU
		{AFB3DE4A-A4E3-46D8-9ACE-319BAC34948B}.Release|Any CPU.Deploy.0 = Release|Any CPU
		{AFB3DE4A-A4E3-46D8-9ACE-319BAC34948B}.Release|ARM.ActiveCfg = Release|ARM
		{AFB3DE4A-A4E3-46D8-9ACE-319BAC34948B}.Release|ARM.Build.0 = Release|ARM
		{AFB3DE4A-A4E3-46D8-9ACE-319BAC34948B}.Release|ARM.Deploy.0 = Release|ARM
		{AFB3DE4A-A4E3-46D8-9ACE-319BAC34948B}.Release|iPhone.ActiveCfg = Release|Any CPU
		{AFB3DE4A-A4E3-46D8-9ACE-319BAC34948B}.Release|iPhone.Build.0 = Release|Any CPU
		{AFB3DE4A-A4E3-46D8-9ACE-319BAC34948B}.Release|iPhone.Deploy.0 = Release|Any CPU
		{AFB3DE4A-A4E3-46D8-9ACE-319BAC34948B}.Release|iPhoneSimulator.ActiveCfg = Release|Any CPU
		{AFB3DE4A-A4E3-46D8-9ACE-319BAC34948B}.Release|iPhoneSimulator.Build.0 = Release|Any CPU
		{AFB3DE4A-A4E3-46D8-9ACE-319BAC34948B}.Release|iPhoneSimulator.Deploy.0 = Release|Any CPU
		{AFB3DE4A-A4E3-46D8-9ACE-319BAC34948B}.Release|x86.ActiveCfg = Release|x86
		{AFB3DE4A-A4E3-46D8-9ACE-319BAC34948B}.Release|x86.Build.0 = Release|x86
		{AFB3DE4A-A4E3-46D8-9ACE-319BAC34948B}.Release|x86.Deploy.0 = Release|x86
	EndGlobalSection
	GlobalSection(SolutionProperties) = preSolution
		HideSolutionNode = FALSE
	EndGlobalSection
EndGlobal
